
Microsoft Visual Studio Solution File, Format Version 12.00
# Visual Studio Version 16
VisualStudioVersion = 16.0.31729.503
MinimumVisualStudioVersion = 10.0.40219.1
Project("{8BC9CEB8-8B4A-11D0-8D11-00A0C91BC942}") = "Test4", "Test4.vcxproj", "{1DB5135A-40C1-4AF3-B543-50D68A1F99E5}"
EndProject
Global
	GlobalSection(SolutionConfigurationPlatforms) = preSolution
		Debug|x64 = Debug|x64
		Debug|x86 = Debug|x86
		Release|x64 = Release|x64
		Release|x86 = Release|x86
	EndGlobalSection
	GlobalSection(ProjectConfigurationPlatforms) = postSolution
		{1DB5135A-40C1-4AF3-B543-50D68A1F99E5}.Debug|x64.ActiveCfg = Debug|x64
		{1DB5135A-40C1-4AF3-B543-50D68A1F99E5}.Debug|x64.Build.0 = Debug|x64
		{1DB5135A-40C1-4AF3-B543-50D68A1F99E5}.Debug|x86.ActiveCfg = Debug|Win32
		{1DB5135A-40C1-4AF3-B543-50D68A1F99E5}.Debug|x86.Build.0 = Debug|Win32
		{1DB5135A-40C1-4AF3-B543-50D68A1F99E5}.Release|x64.ActiveCfg = Release|x64
		{1DB5135A-40C1-4AF3-B543-50D68A1F99E5}.Release|x64.Build.0 = Release|x64
		{1DB5135A-40C1-4AF3-B543-50D68A1F99E5}.Release|x86.ActiveCfg = Release|Win32
		{1DB5135A-40C1-4AF3-B543-50D68A1F99E5}.Release|x86.Build.0 = Release|Win32
	EndGlobalSection
	GlobalSection(SolutionProperties) = preSolution
		HideSolutionNode = FALSE
	EndGlobalSection
	GlobalSection(ExtensibilityGlobals) = postSolution
		SolutionGuid = {16ED9F7F-648E-49DC-8E65-6BBF5E0B8AD4}
	EndGlobalSection
EndGlobal
